// !$*UTF8*$!
{
	archiveVersion = 1;
	classes = {
	};
	objectVersion = 55;
	objects = {

/* Begin PBXBuildFile section */
		3ED95AFF291E54D700E0D8F4 /* AppDelegate.swift in Sources */ = {isa = PBXBuildFile; fileRef = 3ED95AFE291E54D700E0D8F4 /* AppDelegate.swift */; };
		3ED95B08291E54D800E0D8F4 /* Assets.xcassets in Resources */ = {isa = PBXBuildFile; fileRef = 3ED95B07291E54D800E0D8F4 /* Assets.xcassets */; };
		3ED95B0B291E54D800E0D8F4 /* LaunchScreen.storyboard in Resources */ = {isa = PBXBuildFile; fileRef = 3ED95B09291E54D800E0D8F4 /* LaunchScreen.storyboard */; };
		3ED95B13291E553D00E0D8F4 /* RootViewController.swift in Sources */ = {isa = PBXBuildFile; fileRef = 3ED95B12291E553D00E0D8F4 /* RootViewController.swift */; };
		3ED95B16291E556A00E0D8F4 /* RxBlocking in Frameworks */ = {isa = PBXBuildFile; productRef = 3ED95B15291E556A00E0D8F4 /* RxBlocking */; };
		3ED95B18291E556A00E0D8F4 /* RxCocoa in Frameworks */ = {isa = PBXBuildFile; productRef = 3ED95B17291E556A00E0D8F4 /* RxCocoa */; };
		3ED95B1A291E556A00E0D8F4 /* RxRelay in Frameworks */ = {isa = PBXBuildFile; productRef = 3ED95B19291E556A00E0D8F4 /* RxRelay */; };
		3ED95B1C291E556A00E0D8F4 /* RxSwift in Frameworks */ = {isa = PBXBuildFile; productRef = 3ED95B1B291E556A00E0D8F4 /* RxSwift */; };
		3ED95B1F291E584000E0D8F4 /* Eureka in Frameworks */ = {isa = PBXBuildFile; productRef = 3ED95B1E291E584000E0D8F4 /* Eureka */; };
		3ED95B23291E5DA500E0D8F4 /* Lister in Frameworks */ = {isa = PBXBuildFile; productRef = 3ED95B22291E5DA500E0D8F4 /* Lister */; };
/* End PBXBuildFile section */

/* Begin PBXFileReference section */
		3ED95AFB291E54D700E0D8F4 /* rxswift-examples.app */ = {isa = PBXFileReference; explicitFileType = wrapper.application; includeInIndex = 0; path = "rxswift-examples.app"; sourceTree = BUILT_PRODUCTS_DIR; };
		3ED95AFE291E54D700E0D8F4 /* AppDelegate.swift */ = {isa = PBXFileReference; lastKnownFileType = sourcecode.swift; path = AppDelegate.swift; sourceTree = "<group>"; };
		3ED95B07291E54D800E0D8F4 /* Assets.xcassets */ = {isa = PBXFileReference; lastKnownFileType = folder.assetcatalog; path = Assets.xcassets; sourceTree = "<group>"; };
		3ED95B0A291E54D800E0D8F4 /* Base */ = {isa = PBXFileReference; lastKnownFileType = file.storyboard; name = Base; path = Base.lproj/LaunchScreen.storyboard; sourceTree = "<group>"; };
		3ED95B0C291E54D800E0D8F4 /* Info.plist */ = {isa = PBXFileReference; lastKnownFileType = text.plist.xml; path = Info.plist; sourceTree = "<group>"; };
		3ED95B12291E553D00E0D8F4 /* RootViewController.swift */ = {isa = PBXFileReference; lastKnownFileType = sourcecode.swift; path = RootViewController.swift; sourceTree = "<group>"; };
/* End PBXFileReference section */

/* Begin PBXFrameworksBuildPhase section */
		3ED95AF8291E54D700E0D8F4 /* Frameworks */ = {
			isa = PBXFrameworksBuildPhase;
			buildActionMask = 2147483647;
			files = (
				3ED95B1F291E584000E0D8F4 /* Eureka in Frameworks */,
				3ED95B1A291E556A00E0D8F4 /* RxRelay in Frameworks */,
				3ED95B18291E556A00E0D8F4 /* RxCocoa in Frameworks */,
				3ED95B1C291E556A00E0D8F4 /* RxSwift in Frameworks */,
				3ED95B16291E556A00E0D8F4 /* RxBlocking in Frameworks */,
				3ED95B23291E5DA500E0D8F4 /* Lister in Frameworks */,
			);
			runOnlyForDeploymentPostprocessing = 0;
		};
/* End PBXFrameworksBuildPhase section */

/* Begin PBXGroup section */
		3ED95AF2291E54D700E0D8F4 = {
			isa = PBXGroup;
			children = (
				3ED95AFD291E54D700E0D8F4 /* rxswift-examples */,
				3ED95AFC291E54D700E0D8F4 /* Products */,
			);
			sourceTree = "<group>";
		};
		3ED95AFC291E54D700E0D8F4 /* Products */ = {
			isa = PBXGroup;
			children = (
				3ED95AFB291E54D700E0D8F4 /* rxswift-examples.app */,
			);
			name = Products;
			sourceTree = "<group>";
		};
		3ED95AFD291E54D700E0D8F4 /* rxswift-examples */ = {
			isa = PBXGroup;
			children = (
				3ED95AFE291E54D700E0D8F4 /* AppDelegate.swift */,
				3ED95B12291E553D00E0D8F4 /* RootViewController.swift */,
				3ED95B07291E54D800E0D8F4 /* Assets.xcassets */,
				3ED95B09291E54D800E0D8F4 /* LaunchScreen.storyboard */,
				3ED95B0C291E54D800E0D8F4 /* Info.plist */,
			);
			path = "rxswift-examples";
			sourceTree = "<group>";
		};
/* End PBXGroup section */

/* Begin PBXNativeTarget section */
		3ED95AFA291E54D700E0D8F4 /* rxswift-examples */ = {
			isa = PBXNativeTarget;
			buildConfigurationList = 3ED95B0F291E54D800E0D8F4 /* Build configuration list for PBXNativeTarget "rxswift-examples" */;
			buildPhases = (
				3ED95AF7291E54D700E0D8F4 /* Sources */,
				3ED95AF8291E54D700E0D8F4 /* Frameworks */,
				3ED95AF9291E54D700E0D8F4 /* Resources */,
			);
			buildRules = (
			);
			dependencies = (
			);
			name = "rxswift-examples";
			packageProductDependencies = (
				3ED95B15291E556A00E0D8F4 /* RxBlocking */,
				3ED95B17291E556A00E0D8F4 /* RxCocoa */,
				3ED95B19291E556A00E0D8F4 /* RxRelay */,
				3ED95B1B291E556A00E0D8F4 /* RxSwift */,
				3ED95B1E291E584000E0D8F4 /* Eureka */,
				3ED95B22291E5DA500E0D8F4 /* Lister */,
			);
			productName = "rxswift-examples";
			productReference = 3ED95AFB291E54D700E0D8F4 /* rxswift-examples.app */;
			productType = "com.apple.product-type.application";
		};
/* End PBXNativeTarget section */

/* Begin PBXProject section */
		3ED95AF3291E54D700E0D8F4 /* Project object */ = {
			isa = PBXProject;
			attributes = {
				BuildIndependentTargetsInParallel = 1;
				LastSwiftUpdateCheck = 1340;
				LastUpgradeCheck = 1340;
				TargetAttributes = {
					3ED95AFA291E54D700E0D8F4 = {
						CreatedOnToolsVersion = 13.4.1;
					};
				};
			};
			buildConfigurationList = 3ED95AF6291E54D700E0D8F4 /* Build configuration list for PBXProject "rxswift-examples" */;
			compatibilityVersion = "Xcode 13.0";
			developmentRegion = en;
			hasScannedForEncodings = 0;
			knownRegions = (
				en,
				Base,
			);
			mainGroup = 3ED95AF2291E54D700E0D8F4;
			packageReferences = (
				3ED95B14291E556A00E0D8F4 /* XCRemoteSwiftPackageReference "RxSwift" */,
				3ED95B1D291E584000E0D8F4 /* XCRemoteSwiftPackageReference "Eureka" */,
				3ED95B21291E5DA500E0D8F4 /* XCRemoteSwiftPackageReference "Lister" */,
			);
			productRefGroup = 3ED95AFC291E54D700E0D8F4 /* Products */;
			projectDirPath = "";
			projectRoot = "";
			targets = (
				3ED95AFA291E54D700E0D8F4 /* rxswift-examples */,
			);
		};
/* End PBXProject section */

/* Begin PBXResourcesBuildPhase section */
		3ED95AF9291E54D700E0D8F4 /* Resources */ = {
			isa = PBXResourcesBuildPhase;
			buildActionMask = 2147483647;
			files = (
				3ED95B0B291E54D800E0D8F4 /* LaunchScreen.storyboard in Resources */,
				3ED95B08291E54D800E0D8F4 /* Assets.xcassets in Resources */,
			);
			runOnlyForDeploymentPostprocessing = 0;
		};
/* End PBXResourcesBuildPhase section */

/* Begin PBXSourcesBuildPhase section */
		3ED95AF7291E54D700E0D8F4 /* Sources */ = {
			isa = PBXSourcesBuildPhase;
			buildActionMask = 2147483647;
			files = (
				3ED95B13291E553D00E0D8F4 /* RootViewController.swift in Sources */,
				3ED95AFF291E54D700E0D8F4 /* AppDelegate.swift in Sources */,
			);
			runOnlyForDeploymentPostprocessing = 0;
		};
/* End PBXSourcesBuildPhase section */

/* Begin PBXVariantGroup section */
		3ED95B09291E54D800E0D8F4 /* LaunchScreen.storyboard */ = {
			isa = PBXVariantGroup;
			children = (
				3ED95B0A291E54D800E0D8F4 /* Base */,
			);
			name = LaunchScreen.storyboard;
			sourceTree = "<group>";
		};
/* End PBXVariantGroup section */

/* Begin XCBuildConfiguration section */
		3ED95B0D291E54D800E0D8F4 /* Debug */ = {
			isa = XCBuildConfiguration;
			buildSettings = {
				ALWAYS_SEARCH_USER_PATHS = NO;
				CLANG_ANALYZER_NONNULL = YES;
				CLANG_ANALYZER_NUMBER_OBJECT_CONVERSION = YES_AGGRESSIVE;
				CLANG_CXX_LANGUAGE_STANDARD = "gnu++17";
				CLANG_ENABLE_MODULES = YES;
				CLANG_ENABLE_OBJC_ARC = YES;
				CLANG_ENABLE_OBJC_WEAK = YES;
				CLANG_WARN_BLOCK_CAPTURE_AUTORELEASING = YES;
				CLANG_WARN_BOOL_CONVERSION = YES;
				CLANG_WARN_COMMA = YES;
				CLANG_WARN_CONSTANT_CONVERSION = YES;
				CLANG_WARN_DEPRECATED_OBJC_IMPLEMENTATIONS = YES;
				CLANG_WARN_DIRECT_OBJC_ISA_USAGE = YES_ERROR;
				CLANG_WARN_DOCUMENTATION_COMMENTS = YES;
				CLANG_WARN_EMPTY_BODY = YES;
				CLANG_WARN_ENUM_CONVERSION = YES;
				CLANG_WARN_INFINITE_RECURSION = YES;
				CLANG_WARN_INT_CONVERSION = YES;
				CLANG_WARN_NON_LITERAL_NULL_CONVERSION = YES;
				CLANG_WARN_OBJC_IMPLICIT_RETAIN_SELF = YES;
				CLANG_WARN_OBJC_LITERAL_CONVERSION = YES;
				CLANG_WARN_OBJC_ROOT_CLASS = YES_ERROR;
				CLANG_WARN_QUOTED_INCLUDE_IN_FRAMEWORK_HEADER = YES;
				CLANG_WARN_RANGE_LOOP_ANALYSIS = YES;
				CLANG_WARN_STRICT_PROTOTYPES = YES;
				CLANG_WARN_SUSPICIOUS_MOVE = YES;
				CLANG_WARN_UNGUARDED_AVAILABILITY = YES_AGGRESSIVE;
				CLANG_WARN_UNREACHABLE_CODE = YES;
				CLANG_WARN__DUPLICATE_METHOD_MATCH = YES;
				COPY_PHASE_STRIP = NO;
				DEBUG_INFORMATION_FORMAT = dwarf;
				ENABLE_STRICT_OBJC_MSGSEND = YES;
				ENABLE_TESTABILITY = YES;
				GCC_C_LANGUAGE_STANDARD = gnu11;
				GCC_DYNAMIC_NO_PIC = NO;
				GCC_NO_COMMON_BLOCKS = YES;
				GCC_OPTIMIZATION_LEVEL = 0;
				GCC_PREPROCESSOR_DEFINITIONS = (
					"DEBUG=1",
					"$(inherited)",
				);
				GCC_WARN_64_TO_32_BIT_CONVERSION = YES;
				GCC_WARN_ABOUT_RETURN_TYPE = YES_ERROR;
				GCC_WARN_UNDECLARED_SELECTOR = YES;
				GCC_WARN_UNINITIALIZED_AUTOS = YES_AGGRESSIVE;
				GCC_WARN_UNUSED_FUNCTION = YES;
				GCC_WARN_UNUSED_VARIABLE = YES;
				IPHONEOS_DEPLOYMENT_TARGET = 15.5;
				MTL_ENABLE_DEBUG_INFO = INCLUDE_SOURCE;
				MTL_FAST_MATH = YES;
				ONLY_ACTIVE_ARCH = YES;
				SDKROOT = iphoneos;
				SWIFT_ACTIVE_COMPILATION_CONDITIONS = DEBUG;
				SWIFT_OPTIMIZATION_LEVEL = "-Onone";
			};
			name = Debug;
		};
		3ED95B0E291E54D800E0D8F4 /* Release */ = {
			isa = XCBuildConfiguration;
			buildSettings = {
				ALWAYS_SEARCH_USER_PATHS = NO;
				CLANG_ANALYZER_NONNULL = YES;
				CLANG_ANALYZER_NUMBER_OBJECT_CONVERSION = YES_AGGRESSIVE;
				CLANG_CXX_LANGUAGE_STANDARD = "gnu++17";
				CLANG_ENABLE_MODULES = YES;
				CLANG_ENABLE_OBJC_ARC = YES;
				CLANG_ENABLE_OBJC_WEAK = YES;
				CLANG_WARN_BLOCK_CAPTURE_AUTORELEASING = YES;
				CLANG_WARN_BOOL_CONVERSION = YES;
				CLANG_WARN_COMMA = YES;
				CLANG_WARN_CONSTANT_CONVERSION = YES;
				CLANG_WARN_DEPRECATED_OBJC_IMPLEMENTATIONS = YES;
				CLANG_WARN_DIRECT_OBJC_ISA_USAGE = YES_ERROR;
				CLANG_WARN_DOCUMENTATION_COMMENTS = YES;
				CLANG_WARN_EMPTY_BODY = YES;
				CLANG_WARN_ENUM_CONVERSION = YES;
				CLANG_WARN_INFINITE_RECURSION = YES;
				CLANG_WARN_INT_CONVERSION = YES;
				CLANG_WARN_NON_LITERAL_NULL_CONVERSION = YES;
				CLANG_WARN_OBJC_IMPLICIT_RETAIN_SELF = YES;
				CLANG_WARN_OBJC_LITERAL_CONVERSION = YES;
				CLANG_WARN_OBJC_ROOT_CLASS = YES_ERROR;
				CLANG_WARN_QUOTED_INCLUDE_IN_FRAMEWORK_HEADER = YES;
				CLANG_WARN_RANGE_LOOP_ANALYSIS = YES;
				CLANG_WARN_STRICT_PROTOTYPES = YES;
				CLANG_WARN_SUSPICIOUS_MOVE = YES;
				CLANG_WARN_UNGUARDED_AVAILABILITY = YES_AGGRESSIVE;
				CLANG_WARN_UNREACHABLE_CODE = YES;
				CLANG_WARN__DUPLICATE_METHOD_MATCH = YES;
				COPY_PHASE_STRIP = NO;
				DEBUG_INFORMATION_FORMAT = "dwarf-with-dsym";
				ENABLE_NS_ASSERTIONS = NO;
				ENABLE_STRICT_OBJC_MSGSEND = YES;
				GCC_C_LANGUAGE_STANDARD = gnu11;
				GCC_NO_COMMON_BLOCKS = YES;
				GCC_WARN_64_TO_32_BIT_CONVERSION = YES;
				GCC_WARN_ABOUT_RETURN_TYPE = YES_ERROR;
				GCC_WARN_UNDECLARED_SELECTOR = YES;
				GCC_WARN_UNINITIALIZED_AUTOS = YES_AGGRESSIVE;
				GCC_WARN_UNUSED_FUNCTION = YES;
				GCC_WARN_UNUSED_VARIABLE = YES;
				IPHONEOS_DEPLOYMENT_TARGET = 15.5;
				MTL_ENABLE_DEBUG_INFO = NO;
				MTL_FAST_MATH = YES;
				SDKROOT = iphoneos;
				SWIFT_COMPILATION_MODE = wholemodule;
				SWIFT_OPTIMIZATION_LEVEL = "-O";
				VALIDATE_PRODUCT = YES;
			};
			name = Release;
		};
		3ED95B10291E54D800E0D8F4 /* Debug */ = {
			isa = XCBuildConfiguration;
			buildSettings = {
				ASSETCATALOG_COMPILER_APPICON_NAME = AppIcon;
				ASSETCATALOG_COMPILER_GLOBAL_ACCENT_COLOR_NAME = AccentColor;
				CODE_SIGN_STYLE = Automatic;
				CURRENT_PROJECT_VERSION = 1;
				DEVELOPMENT_TEAM = R24W57U338;
				GENERATE_INFOPLIST_FILE = YES;
				INFOPLIST_FILE = "rxswift-examples/Info.plist";
				INFOPLIST_KEY_UIApplicationSupportsIndirectInputEvents = YES;
				INFOPLIST_KEY_UILaunchStoryboardName = LaunchScreen;
				INFOPLIST_KEY_UISupportedInterfaceOrientations_iPad = "UIInterfaceOrientationPortrait UIInterfaceOrientationPortraitUpsideDown UIInterfaceOrientationLandscapeLeft UIInterfaceOrientationLandscapeRight";
				INFOPLIST_KEY_UISupportedInterfaceOrientations_iPhone = "UIInterfaceOrientationPortrait UIInterfaceOrientationLandscapeLeft UIInterfaceOrientationLandscapeRight";
				LD_RUNPATH_SEARCH_PATHS = (
					"$(inherited)",
					"@executable_path/Frameworks",
				);
				MARKETING_VERSION = 1.0;
				PRODUCT_BUNDLE_IDENTIFIER = "Jeytery.rxswift-examples";
				PRODUCT_NAME = "$(TARGET_NAME)";
				SWIFT_EMIT_LOC_STRINGS = YES;
				SWIFT_VERSION = 5.0;
				TARGETED_DEVICE_FAMILY = "1,2";
			};
			name = Debug;
		};
		3ED95B11291E54D800E0D8F4 /* Release */ = {
			isa = XCBuildConfiguration;
			buildSettings = {
				ASSETCATALOG_COMPILER_APPICON_NAME = AppIcon;
				ASSETCATALOG_COMPILER_GLOBAL_ACCENT_COLOR_NAME = AccentColor;
				CODE_SIGN_STYLE = Automatic;
				CURRENT_PROJECT_VERSION = 1;
				DEVELOPMENT_TEAM = R24W57U338;
				GENERATE_INFOPLIST_FILE = YES;
				INFOPLIST_FILE = "rxswift-examples/Info.plist";
				INFOPLIST_KEY_UIApplicationSupportsIndirectInputEvents = YES;
				INFOPLIST_KEY_UILaunchStoryboardName = LaunchScreen;
				INFOPLIST_KEY_UISupportedInterfaceOrientations_iPad = "UIInterfaceOrientationPortrait UIInterfaceOrientationPortraitUpsideDown UIInterfaceOrientationLandscapeLeft UIInterfaceOrientationLandscapeRight";
				INFOPLIST_KEY_UISupportedInterfaceOrientations_iPhone = "UIInterfaceOrientationPortrait UIInterfaceOrientationLandscapeLeft UIInterfaceOrientationLandscapeRight";
				LD_RUNPATH_SEARCH_PATHS = (
					"$(inherited)",
					"@executable_path/Frameworks",
				);
				MARKETING_VERSION = 1.0;
				PRODUCT_BUNDLE_IDENTIFIER = "Jeytery.rxswift-examples";
				PRODUCT_NAME = "$(TARGET_NAME)";
				SWIFT_EMIT_LOC_STRINGS = YES;
				SWIFT_VERSION = 5.0;
				TARGETED_DEVICE_FAMILY = "1,2";
			};
			name = Release;
		};
/* End XCBuildConfiguration section */

/* Begin XCConfigurationList section */
		3ED95AF6291E54D700E0D8F4 /* Build configuration list for PBXProject "rxswift-examples" */ = {
			isa = XCConfigurationList;
			buildConfigurations = (
				3ED95B0D291E54D800E0D8F4 /* Debug */,
				3ED95B0E291E54D800E0D8F4 /* Release */,
			);
			defaultConfigurationIsVisible = 0;
			defaultConfigurationName = Release;
		};
		3ED95B0F291E54D800E0D8F4 /* Build configuration list for PBXNativeTarget "rxswift-examples" */ = {
			isa = XCConfigurationList;
			buildConfigurations = (
				3ED95B10291E54D800E0D8F4 /* Debug */,
				3ED95B11291E54D800E0D8F4 /* Release */,
			);
			defaultConfigurationIsVisible = 0;
			defaultConfigurationName = Release;
		};
/* End XCConfigurationList section */

/* Begin XCRemoteSwiftPackageReference section */
		3ED95B14291E556A00E0D8F4 /* XCRemoteSwiftPackageReference "RxSwift" */ = {
			isa = XCRemoteSwiftPackageReference;
			repositoryURL = "https://github.com/ReactiveX/RxSwift";
			requirement = {
				kind = upToNextMajorVersion;
				minimumVersion = 6.0.0;
			};
		};
		3ED95B1D291E584000E0D8F4 /* XCRemoteSwiftPackageReference "Eureka" */ = {
			isa = XCRemoteSwiftPackageReference;
			repositoryURL = "https://github.com/xmartlabs/Eureka";
			requirement = {
				branch = master;
				kind = branch;
			};
		};
		3ED95B21291E5DA500E0D8F4 /* XCRemoteSwiftPackageReference "Lister" */ = {
			isa = XCRemoteSwiftPackageReference;
			repositoryURL = "https://github.com/Jeytery/Lister";
			requirement = {
				branch = master;
				kind = branch;
			};
		};
/* End XCRemoteSwiftPackageReference section */

/* Begin XCSwiftPackageProductDependency section */
		3ED95B15291E556A00E0D8F4 /* RxBlocking */ = {
			isa = XCSwiftPackageProductDependency;
			package = 3ED95B14291E556A00E0D8F4 /* XCRemoteSwiftPackageReference "RxSwift" */;
			productName = RxBlocking;
		};
		3ED95B17291E556A00E0D8F4 /* RxCocoa */ = {
			isa = XCSwiftPackageProductDependency;
			package = 3ED95B14291E556A00E0D8F4 /* XCRemoteSwiftPackageReference "RxSwift" */;
			productName = RxCocoa;
		};
		3ED95B19291E556A00E0D8F4 /* RxRelay */ = {
			isa = XCSwiftPackageProductDependency;
			package = 3ED95B14291E556A00E0D8F4 /* XCRemoteSwiftPackageReference "RxSwift" */;
			productName = RxRelay;
		};
		3ED95B1B291E556A00E0D8F4 /* RxSwift */ = {
			isa = XCSwiftPackageProductDependency;
			package = 3ED95B14291E556A00E0D8F4 /* XCRemoteSwiftPackageReference "RxSwift" */;
			productName = RxSwift;
		};
		3ED95B1E291E584000E0D8F4 /* Eureka */ = {
			isa = XCSwiftPackageProductDependency;
			package = 3ED95B1D291E584000E0D8F4 /* XCRemoteSwiftPackageReference "Eureka" */;
			productName = Eureka;
		};
		3ED95B22291E5DA500E0D8F4 /* Lister */ = {
			isa = XCSwiftPackageProductDependency;
			package = 3ED95B21291E5DA500E0D8F4 /* XCRemoteSwiftPackageReference "Lister" */;
			productName = Lister;
		};
/* End XCSwiftPackageProductDependency section */
	};
	rootObject = 3ED95AF3291E54D700E0D8F4 /* Project object */;
}
